
Microsoft Visual Studio Solution File, Format Version 12.00
# Visual Studio Version 16
VisualStudioVersion = 16.0.810.23
MinimumVisualStudioVersion = 10.0.40219.1
Project("{FAE04EC0-301F-11D3-BF4B-00C04F79EFBC}") = "vn_mode_csharp_dz19", "vn_mode_csharp_dz19.csproj", "{5AFF8C3B-32B5-4942-BF1E-42B1EB26EF01}"
EndProject
Global
	GlobalSection(SolutionConfigurationPlatforms) = preSolution
		Debug|Any CPU = Debug|Any CPU
		Release|Any CPU = Release|Any CPU
	EndGlobalSection
	GlobalSection(ProjectConfigurationPlatforms) = postSolution
		{5AFF8C3B-32B5-4942-BF1E-42B1EB26EF01}.Debug|Any CPU.ActiveCfg = Debug|Any CPU
		{5AFF8C3B-32B5-4942-BF1E-42B1EB26EF01}.Debug|Any CPU.Build.0 = Debug|Any CPU
		{5AFF8C3B-32B5-4942-BF1E-42B1EB26EF01}.Release|Any CPU.ActiveCfg = Release|Any CPU
		{5AFF8C3B-32B5-4942-BF1E-42B1EB26EF01}.Release|Any CPU.Build.0 = Release|Any CPU
	EndGlobalSection
	GlobalSection(SolutionProperties) = preSolution
		HideSolutionNode = FALSE
	EndGlobalSection
	GlobalSection(ExtensibilityGlobals) = postSolution
		SolutionGuid = {96C76B5F-A9B2-4596-9379-C79121167D88}
	EndGlobalSection
EndGlobal
